// !$*UTF8*$!
{
	archiveVersion = 1;
	classes = {
	};
	objectVersion = 46;
	objects = {

/* Begin PBXBuildFile section */
		D6DA891A1C909E79000C419E /* AppDelegate.swift in Sources */ = {isa = PBXBuildFile; fileRef = D6DA89191C909E79000C419E /* AppDelegate.swift */; };
		D6DA891F1C909E79000C419E /* Main.storyboard in Resources */ = {isa = PBXBuildFile; fileRef = D6DA891D1C909E79000C419E /* Main.storyboard */; };
		D6DA89211C909E79000C419E /* Assets.xcassets in Resources */ = {isa = PBXBuildFile; fileRef = D6DA89201C909E79000C419E /* Assets.xcassets */; };
		D6DA89241C909E79000C419E /* LaunchScreen.storyboard in Resources */ = {isa = PBXBuildFile; fileRef = D6DA89221C909E79000C419E /* LaunchScreen.storyboard */; };
		D6DA892C1C90A56C000C419E /* ProductViewController.swift in Sources */ = {isa = PBXBuildFile; fileRef = D6DA892B1C90A56C000C419E /* ProductViewController.swift */; };
		D6DA892E1C90AB3E000C419E /* ContactViewController.swift in Sources */ = {isa = PBXBuildFile; fileRef = D6DA892D1C90AB3E000C419E /* ContactViewController.swift */; };
/* End PBXBuildFile section */

/* Begin PBXFileReference section */
		D6DA89161C909E79000C419E /* OldPhones.app */ = {isa = PBXFileReference; explicitFileType = wrapper.application; includeInIndex = 0; path = OldPhones.app; sourceTree = BUILT_PRODUCTS_DIR; };
		D6DA89191C909E79000C419E /* AppDelegate.swift */ = {isa = PBXFileReference; lastKnownFileType = sourcecode.swift; path = AppDelegate.swift; sourceTree = "<group>"; };
		D6DA891E1C909E79000C419E /* Base */ = {isa = PBXFileReference; lastKnownFileType = file.storyboard; name = Base; path = Base.lproj/Main.storyboard; sourceTree = "<group>"; };
		D6DA89201C909E79000C419E /* Assets.xcassets */ = {isa = PBXFileReference; lastKnownFileType = folder.assetcatalog; path = Assets.xcassets; sourceTree = "<group>"; };
		D6DA89231C909E79000C419E /* Base */ = {isa = PBXFileReference; lastKnownFileType = file.storyboard; name = Base; path = Base.lproj/LaunchScreen.storyboard; sourceTree = "<group>"; };
		D6DA89251C909E79000C419E /* Info.plist */ = {isa = PBXFileReference; lastKnownFileType = text.plist.xml; path = Info.plist; sourceTree = "<group>"; };
		D6DA892B1C90A56C000C419E /* ProductViewController.swift */ = {isa = PBXFileReference; fileEncoding = 4; lastKnownFileType = sourcecode.swift; path = ProductViewController.swift; sourceTree = "<group>"; };
		D6DA892D1C90AB3E000C419E /* ContactViewController.swift */ = {isa = PBXFileReference; fileEncoding = 4; lastKnownFileType = sourcecode.swift; path = ContactViewController.swift; sourceTree = "<group>"; };
/* End PBXFileReference section */

/* Begin PBXFrameworksBuildPhase section */
		D6DA89131C909E79000C419E /* Frameworks */ = {
			isa = PBXFrameworksBuildPhase;
			buildActionMask = 2147483647;
			files = (
			);
			runOnlyForDeploymentPostprocessing = 0;
		};
/* End PBXFrameworksBuildPhase section */

/* Begin PBXGroup section */
		D6DA890D1C909E79000C419E = {
			isa = PBXGroup;
			children = (
				D6DA89181C909E79000C419E /* OldPhones */,
				D6DA89171C909E79000C419E /* Products */,
			);
			sourceTree = "<group>";
		};
		D6DA89171C909E79000C419E /* Products */ = {
			isa = PBXGroup;
			children = (
				D6DA89161C909E79000C419E /* OldPhones.app */,
			);
			name = Products;
			sourceTree = "<group>";
		};
		D6DA89181C909E79000C419E /* OldPhones */ = {
			isa = PBXGroup;
			children = (
				D6DA89191C909E79000C419E /* AppDelegate.swift */,
				D6DA891D1C909E79000C419E /* Main.storyboard */,
				D6DA89201C909E79000C419E /* Assets.xcassets */,
				D6DA89221C909E79000C419E /* LaunchScreen.storyboard */,
				D6DA89251C909E79000C419E /* Info.plist */,
				D6DA892B1C90A56C000C419E /* ProductViewController.swift */,
				D6DA892D1C90AB3E000C419E /* ContactViewController.swift */,
			);
			path = OldPhones;
			sourceTree = "<group>";
		};
/* End PBXGroup section */

/* Begin PBXNativeTarget section */
		D6DA89151C909E79000C419E /* OldPhones */ = {
			isa = PBXNativeTarget;
			buildConfigurationList = D6DA89281C909E79000C419E /* Build configuration list for PBXNativeTarget "OldPhones" */;
			buildPhases = (
				D6DA89121C909E79000C419E /* Sources */,
				D6DA89131C909E79000C419E /* Frameworks */,
				D6DA89141C909E79000C419E /* Resources */,
			);
			buildRules = (
			);
			dependencies = (
			);
			name = OldPhones;
			productName = OldPhones;
			productReference = D6DA89161C909E79000C419E /* OldPhones.app */;
			productType = "com.apple.product-type.application";
		};
/* End PBXNativeTarget section */

/* Begin PBXProject section */
		D6DA890E1C909E79000C419E /* Project object */ = {
			isa = PBXProject;
			attributes = {
				LastSwiftUpdateCheck = 0720;
				LastUpgradeCheck = 0720;
				ORGANIZATIONNAME = "Jennifer Tigner";
				TargetAttributes = {
					D6DA89151C909E79000C419E = {
						CreatedOnToolsVersion = 7.2.1;
					};
				};
			};
			buildConfigurationList = D6DA89111C909E79000C419E /* Build configuration list for PBXProject "OldPhones" */;
			compatibilityVersion = "Xcode 3.2";
			developmentRegion = English;
			hasScannedForEncodings = 0;
			knownRegions = (
				en,
				Base,
			);
			mainGroup = D6DA890D1C909E79000C419E;
			productRefGroup = D6DA89171C909E79000C419E /* Products */;
			projectDirPath = "";
			projectRoot = "";
			targets = (
				D6DA89151C909E79000C419E /* OldPhones */,
			);
		};
/* End PBXProject section */

/* Begin PBXResourcesBuildPhase section */
		D6DA89141C909E79000C419E /* Resources */ = {
			isa = PBXResourcesBuildPhase;
			buildActionMask = 2147483647;
			files = (
				D6DA89241C909E79000C419E /* LaunchScreen.storyboard in Resources */,
				D6DA89211C909E79000C419E /* Assets.xcassets in Resources */,
				D6DA891F1C909E79000C419E /* Main.storyboard in Resources */,
			);
			runOnlyForDeploymentPostprocessing = 0;
		};
/* End PBXResourcesBuildPhase section */

/* Begin PBXSourcesBuildPhase section */
		D6DA89121C909E79000C419E /* Sources */ = {
			isa = PBXSourcesBuildPhase;
			buildActionMask = 2147483647;
			files = (
				D6DA892C1C90A56C000C419E /* ProductViewController.swift in Sources */,
				D6DA891A1C909E79000C419E /* AppDelegate.swift in Sources */,
				D6DA892E1C90AB3E000C419E /* ContactViewController.swift in Sources */,
			);
			runOnlyForDeploymentPostprocessing = 0;
		};
/* End PBXSourcesBuildPhase section */

/* Begin PBXVariantGroup section */
		D6DA891D1C909E79000C419E /* Main.storyboard */ = {
			isa = PBXVariantGroup;
			children = (
				D6DA891E1C909E79000C419E /* Base */,
			);
			name = Main.storyboard;
			sourceTree = "<group>";
		};
		D6DA89221C909E79000C419E /* LaunchScreen.storyboard */ = {
			isa = PBXVariantGroup;
			children = (
				D6DA89231C909E79000C419E /* Base */,
			);
			name = LaunchScreen.storyboard;
			sourceTree = "<group>";
		};
/* End PBXVariantGroup section */

/* Begin XCBuildConfiguration section */
		D6DA89261C909E79000C419E /* Debug */ = {
			isa = XCBuildConfiguration;
			buildSettings = {
				ALWAYS_SEARCH_USER_PATHS = NO;
				CLANG_CXX_LANGUAGE_STANDARD = "gnu++0x";
				CLANG_CXX_LIBRARY = "libc++";
				CLANG_ENABLE_MODULES = YES;
				CLANG_ENABLE_OBJC_ARC = YES;
				CLANG_WARN_BOOL_CONVERSION = YES;
				CLANG_WARN_CONSTANT_CONVERSION = YES;
				CLANG_WARN_DIRECT_OBJC_ISA_USAGE = YES_ERROR;
				CLANG_WARN_EMPTY_BODY = YES;
				CLANG_WARN_ENUM_CONVERSION = YES;
				CLANG_WARN_INT_CONVERSION = YES;
				CLANG_WARN_OBJC_ROOT_CLASS = YES_ERROR;
				CLANG_WARN_UNREACHABLE_CODE = YES;
				CLANG_WARN__DUPLICATE_METHOD_MATCH = YES;
				"CODE_SIGN_IDENTITY[sdk=iphoneos*]" = "iPhone Developer";
				COPY_PHASE_STRIP = NO;
				DEBUG_INFORMATION_FORMAT = dwarf;
				ENABLE_STRICT_OBJC_MSGSEND = YES;
				ENABLE_TESTABILITY = YES;
				GCC_C_LANGUAGE_STANDARD = gnu99;
				GCC_DYNAMIC_NO_PIC = NO;
				GCC_NO_COMMON_BLOCKS = YES;
				GCC_OPTIMIZATION_LEVEL = 0;
				GCC_PREPROCESSOR_DEFINITIONS = (
					"DEBUG=1",
					"$(inherited)",
				);
				GCC_WARN_64_TO_32_BIT_CONVERSION = YES;
				GCC_WARN_ABOUT_RETURN_TYPE = YES_ERROR;
				GCC_WARN_UNDECLARED_SELECTOR = YES;
				GCC_WARN_UNINITIALIZED_AUTOS = YES_AGGRESSIVE;
				GCC_WARN_UNUSED_FUNCTION = YES;
				GCC_WARN_UNUSED_VARIABLE = YES;
				IPHONEOS_DEPLOYMENT_TARGET = 9.2;
				MTL_ENABLE_DEBUG_INFO = YES;
				ONLY_ACTIVE_ARCH = YES;
				SDKROOT = iphoneos;
				SWIFT_OPTIMIZATION_LEVEL = "-Onone";
			};
			name = Debug;
		};
		D6DA89271C909E79000C419E /* Release */ = {
			isa = XCBuildConfiguration;
			buildSettings = {
				ALWAYS_SEARCH_USER_PATHS = NO;
				CLANG_CXX_LANGUAGE_STANDARD = "gnu++0x";
				CLANG_CXX_LIBRARY = "libc++";
				CLANG_ENABLE_MODULES = YES;
				CLANG_ENABLE_OBJC_ARC = YES;
				CLANG_WARN_BOOL_CONVERSION = YES;
				CLANG_WARN_CONSTANT_CONVERSION = YES;
				CLANG_WARN_DIRECT_OBJC_ISA_USAGE = YES_ERROR;
				CLANG_WARN_EMPTY_BODY = YES;
				CLANG_WARN_ENUM_CONVERSION = YES;
				CLANG_WARN_INT_CONVERSION = YES;
				CLANG_WARN_OBJC_ROOT_CLASS = YES_ERROR;
				CLANG_WARN_UNREACHABLE_CODE = YES;
				CLANG_WARN__DUPLICATE_METHOD_MATCH = YES;
				"CODE_SIGN_IDENTITY[sdk=iphoneos*]" = "iPhone Developer";
				COPY_PHASE_STRIP = NO;
				DEBUG_INFORMATION_FORMAT = "dwarf-with-dsym";
				ENABLE_NS_ASSERTIONS = NO;
				ENABLE_STRICT_OBJC_MSGSEND = YES;
				GCC_C_LANGUAGE_STANDARD = gnu99;
				GCC_NO_COMMON_BLOCKS = YES;
				GCC_WARN_64_TO_32_BIT_CONVERSION = YES;
				GCC_WARN_ABOUT_RETURN_TYPE = YES_ERROR;
				GCC_WARN_UNDECLARED_SELECTOR = YES;
				GCC_WARN_UNINITIALIZED_AUTOS = YES_AGGRESSIVE;
				GCC_WARN_UNUSED_FUNCTION = YES;
				GCC_WARN_UNUSED_VARIABLE = YES;
				IPHONEOS_DEPLOYMENT_TARGET = 9.2;
				MTL_ENABLE_DEBUG_INFO = NO;
				SDKROOT = iphoneos;
				VALIDATE_PRODUCT = YES;
			};
			name = Release;
		};
		D6DA89291C909E79000C419E /* Debug */ = {
			isa = XCBuildConfiguration;
			buildSettings = {
				ASSETCATALOG_COMPILER_APPICON_NAME = AppIcon;
				INFOPLIST_FILE = OldPhones/Info.plist;
				LD_RUNPATH_SEARCH_PATHS = "$(inherited) @executable_path/Frameworks";
				PRODUCT_BUNDLE_IDENTIFIER = com.jennifertigner.OldPhones;
				PRODUCT_NAME = "$(TARGET_NAME)";
			};
			name = Debug;
		};
		D6DA892A1C909E79000C419E /* Release */ = {
			isa = XCBuildConfiguration;
			buildSettings = {
				ASSETCATALOG_COMPILER_APPICON_NAME = AppIcon;
				INFOPLIST_FILE = OldPhones/Info.plist;
				LD_RUNPATH_SEARCH_PATHS = "$(inherited) @executable_path/Frameworks";
				PRODUCT_BUNDLE_IDENTIFIER = com.jennifertigner.OldPhones;
				PRODUCT_NAME = "$(TARGET_NAME)";
			};
			name = Release;
		};
/* End XCBuildConfiguration section */

/* Begin XCConfigurationList section */
		D6DA89111C909E79000C419E /* Build configuration list for PBXProject "OldPhones" */ = {
			isa = XCConfigurationList;
			buildConfigurations = (
				D6DA89261C909E79000C419E /* Debug */,
				D6DA89271C909E79000C419E /* Release */,
			);
			defaultConfigurationIsVisible = 0;
			defaultConfigurationName = Release;
		};
		D6DA89281C909E79000C419E /* Build configuration list for PBXNativeTarget "OldPhones" */ = {
			isa = XCConfigurationList;
			buildConfigurations = (
				D6DA89291C909E79000C419E /* Debug */,
				D6DA892A1C909E79000C419E /* Release */,
			);
			defaultConfigurationIsVisible = 0;
			defaultConfigurationName = Release;
		};
/* End XCConfigurationList section */
	};
	rootObject = D6DA890E1C909E79000C419E /* Project object */;
}
